{
  "name": "Ambiance2",
  "lockfileVersion": 3,
  "requires": true,
  "packages": {
    "": {
      "dependencies": {
        "7.css": "^0.21.1",
        "98.css": "^0.1.21",
        "xp.css": "^0.2.6"
      }
    },
    "node_modules/7.css": {
      "version": "0.21.1",
      "resolved": "https://registry.npmjs.org/7.css/-/7.css-0.21.1.tgz",
      "integrity": "sha512-Q+/aFUpGemoR/Zltj4a7yvHonyxfb+9cgiwBL+j/Lm+H28EOoLzWoJki7MdGPV+3mLCvKSCVqr3M2x2uNYyeWw==",
      "license": "MIT"
    },
    "node_modules/98.css": {
      "version": "0.1.21",
      "resolved": "https://registry.npmjs.org/98.css/-/98.css-0.1.21.tgz",
      "integrity": "sha512-ddk5qtUWyapM0Bzd5jwGExoE5fdSEGrP+F5VbYjyZLf2c9UVmn6w2NPTvCsoD4BWdGsjdLjlkQGhWwWTJcYQJQ==",
      "license": "MIT"
    },
    "node_modules/xp.css": {
      "version": "0.2.6",
      "resolved": "https://registry.npmjs.org/xp.css/-/xp.css-0.2.6.tgz",
      "integrity": "sha512-v0qUB4wOvyXIMLNid5bIpm+0n5aL4i8wE5dqJH8LNVxE04PxUUxjwf2rNzengegUIK03XC4vbfLVCPAfMLtuqA==",
      "license": "MIT"
    }
  }
}
